# This file is automatically @generated by Cargo.
# It is not intended for manual editing.
version = 3

[[package]]
name = "aya-bpf"
version = "0.1.0"
source = "git+https://github.com/aya-rs/aya?branch=main#8647b9055f9bad064d7dd46c8082dfadf64b0b8f"
dependencies = [
 "aya-bpf-bindings",
 "aya-bpf-cty",
 "aya-bpf-macros",
 "rustversion",
]

[[package]]
name = "aya-bpf-bindings"
version = "0.1.0"
source = "git+https://github.com/aya-rs/aya?branch=main#8647b9055f9bad064d7dd46c8082dfadf64b0b8f"
dependencies = [
 "aya-bpf-cty",
]

[[package]]
name = "aya-bpf-cty"
version = "0.2.1"
source = "git+https://github.com/aya-rs/aya?branch=main#8647b9055f9bad064d7dd46c8082dfadf64b0b8f"

[[package]]
name = "aya-bpf-macros"
version = "0.1.0"
source = "git+https://github.com/aya-rs/aya?branch=main#8647b9055f9bad064d7dd46c8082dfadf64b0b8f"
dependencies = [
 "proc-macro-error",
 "proc-macro2",
 "quote",
 "syn",
]

[[package]]
name = "aya-log-common"
version = "0.1.13"
source = "git+https://github.com/aya-rs/aya?branch=main#8647b9055f9bad064d7dd46c8082dfadf64b0b8f"
dependencies = [
 "num_enum",
]

[[package]]
name = "aya-log-ebpf"
version = "0.1.0"
source = "git+https://github.com/aya-rs/aya?branch=main#8647b9055f9bad064d7dd46c8082dfadf64b0b8f"
dependencies = [
 "aya-bpf",
 "aya-log-common",
 "aya-log-ebpf-macros",
]

[[package]]
name = "aya-log-ebpf-macros"
version = "0.1.0"
source = "git+https://github.com/aya-rs/aya?branch=main#8647b9055f9bad064d7dd46c8082dfadf64b0b8f"
dependencies = [
 "aya-log-common",
 "aya-log-parser",
 "proc-macro2",
 "quote",
 "syn",
]

[[package]]
name = "aya-log-parser"
version = "0.1.11-dev.0"
source = "git+https://github.com/aya-rs/aya?branch=main#8647b9055f9bad064d7dd46c8082dfadf64b0b8f"
dependencies = [
 "aya-log-common",
]

[[package]]
name = "network-types"
version = "0.0.4"
source = "registry+https://github.com/rust-lang/crates.io-index"
checksum = "47e3fa362b3a5e3ccc59979cb7bd254e404be05bbc18270b05d1289cb8cb8f44"

[[package]]
name = "num_enum"
version = "0.7.1"
source = "registry+https://github.com/rust-lang/crates.io-index"
checksum = "683751d591e6d81200c39fb0d1032608b77724f34114db54f571ff1317b337c0"
dependencies = [
 "num_enum_derive",
]

[[package]]
name = "num_enum_derive"
version = "0.7.1"
source = "registry+https://github.com/rust-lang/crates.io-index"
checksum = "6c11e44798ad209ccdd91fc192f0526a369a01234f7373e1b141c96d7cee4f0e"
dependencies = [
 "proc-macro2",
 "quote",
 "syn",
]

[[package]]
name = "proc-macro-error"
version = "1.0.4"
source = "registry+https://github.com/rust-lang/crates.io-index"
checksum = "da25490ff9892aab3fcf7c36f08cfb902dd3e71ca0f9f9517bea02a73a5ce38c"
dependencies = [
 "proc-macro-error-attr",
 "proc-macro2",
 "quote",
 "version_check",
]

[[package]]
name = "proc-macro-error-attr"
version = "1.0.4"
source = "registry+https://github.com/rust-lang/crates.io-index"
checksum = "a1be40180e52ecc98ad80b184934baf3d0d29f979574e439af5a55274b35f869"
dependencies = [
 "proc-macro2",
 "quote",
 "version_check",
]

[[package]]
name = "proc-macro2"
version = "1.0.69"
source = "registry+https://github.com/rust-lang/crates.io-index"
checksum = "134c189feb4956b20f6f547d2cf727d4c0fe06722b20a0eec87ed445a97f92da"
dependencies = [
 "unicode-ident",
]

[[package]]
name = "quote"
version = "1.0.33"
source = "registry+https://github.com/rust-lang/crates.io-index"
checksum = "5267fca4496028628a95160fc423a33e8b2e6af8a5302579e322e4b520293cae"
dependencies = [
 "proc-macro2",
]

[[package]]
name = "rustversion"
version = "1.0.14"
source = "registry+https://github.com/rust-lang/crates.io-index"
checksum = "7ffc183a10b4478d04cbbbfc96d0873219d962dd5accaff2ffbd4ceb7df837f4"

[[package]]
name = "sazanami-common"
version = "0.1.0"

[[package]]
name = "sazanami-ebpf"
version = "0.1.0"
dependencies = [
 "aya-bpf",
 "aya-log-ebpf",
 "network-types",
 "sazanami-common",
]

[[package]]
name = "syn"
version = "2.0.39"
source = "registry+https://github.com/rust-lang/crates.io-index"
checksum = "23e78b90f2fcf45d3e842032ce32e3f2d1545ba6636271dcbf24fa306d87be7a"
dependencies = [
 "proc-macro2",
 "quote",
 "unicode-ident",
]

[[package]]
name = "unicode-ident"
version = "1.0.12"
source = "registry+https://github.com/rust-lang/crates.io-index"
checksum = "3354b9ac3fae1ff6755cb6db53683adb661634f67557942dea4facebec0fee4b"

[[package]]
name = "version_check"
version = "0.9.4"
source = "registry+https://github.com/rust-lang/crates.io-index"
checksum = "49874b5167b65d7193b8aba1567f5c7d93d001cafc34600cee003eda787e483f"
